<?xml version="1.0" encoding="utf-8"?>
<Project ToolsVersion="4.0" xmlns="http://schemas.microsoft.com/developer/msbuild/2003">
  <ItemGroup>
    <Filter Include="source">
      <UniqueIdentifier>{04efcb83-b90a-4f2a-86e5-16785c7a6c65}</UniqueIdentifier>
    </Filter>
    <Filter Include="header">
      <UniqueIdentifier>{f5f40d2b-95fe-43f5-8f07-a470b5735e2e}</UniqueIdentifier>
    </Filter>
  </ItemGroup>
  <ItemGroup>
    <ClCompile Include="main.cpp">
      <Filter>source</Filter>
    </ClCompile>
    <ClCompile Include="l-system.cpp">
      <Filter>source</Filter>
    </ClCompile>
  </ItemGroup>
  <ItemGroup>
    <ClInclude Include="vmath.h">
      <Filter>header</Filter>
    </ClInclude>
    <ClInclude Include="stack.h">
      <Filter>header</Filter>
    </ClInclude>
  </ItemGroup>
</Project>