
Microsoft Visual Studio Solution File, Format Version 12.00
# Visual Studio Version 16
VisualStudioVersion = 16.0.30320.27
MinimumVisualStudioVersion = 10.0.40219.1
Project("{8BC9CEB8-8B4A-11D0-8D11-00A0C91BC942}") = "TransformFeedback", "TransformFeedback.vcxproj", "{5D5736DC-C5D3-4891-BF1F-FB15F2498F58}"
EndProject
Global
	GlobalSection(SolutionConfigurationPlatforms) = preSolution
		Debug|x64 = Debug|x64
		Debug|x86 = Debug|x86
		Release|x64 = Release|x64
		Release|x86 = Release|x86
	EndGlobalSection
	GlobalSection(ProjectConfigurationPlatforms) = postSolution
		{5D5736DC-C5D3-4891-BF1F-FB15F2498F58}.Debug|x64.ActiveCfg = Debug|x64
		{5D5736DC-C5D3-4891-BF1F-FB15F2498F58}.Debug|x64.Build.0 = Debug|x64
		{5D5736DC-C5D3-4891-BF1F-FB15F2498F58}.Debug|x86.ActiveCfg = Debug|Win32
		{5D5736DC-C5D3-4891-BF1F-FB15F2498F58}.Debug|x86.Build.0 = Debug|Win32
		{5D5736DC-C5D3-4891-BF1F-FB15F2498F58}.Release|x64.ActiveCfg = Release|x64
		{5D5736DC-C5D3-4891-BF1F-FB15F2498F58}.Release|x64.Build.0 = Release|x64
		{5D5736DC-C5D3-4891-BF1F-FB15F2498F58}.Release|x86.ActiveCfg = Release|Win32
		{5D5736DC-C5D3-4891-BF1F-FB15F2498F58}.Release|x86.Build.0 = Release|Win32
	EndGlobalSection
	GlobalSection(SolutionProperties) = preSolution
		HideSolutionNode = FALSE
	EndGlobalSection
	GlobalSection(ExtensibilityGlobals) = postSolution
		SolutionGuid = {92F9B5FC-FE33-4C0F-9D62-CFAF8B5E1F50}
	EndGlobalSection
EndGlobal
